# THIS IS AN AUTOGENERATED FILE. DO NOT EDIT THIS FILE DIRECTLY.
# yarn lockfile v1


assert-diff@1.2.5:
  version "1.2.5"
  resolved "https://registry.yarnpkg.com/assert-diff/-/assert-diff-1.2.5.tgz#2f578de16a2509fee1601eca0afb77ad3fb2c02b"
  dependencies:
    assert-plus "1.0.0"
    json-diff "0.5.2"

assert-plus@1.0.0:
  version "1.0.0"
  resolved "https://registry.yarnpkg.com/assert-plus/-/assert-plus-1.0.0.tgz#f12e0f3c5d77b0b1cdd9146942e4e96c1e4dd525"

assert-throws@1.3.1:
  version "1.3.1"
  resolved "https://registry.yarnpkg.com/assert-throws/-/assert-throws-1.3.1.tgz#335e64b8820217a9c37e7477153817b2956bc1c7"

catchment@2.0.1:
  version "2.0.1"
  resolved "https://registry.yarnpkg.com/catchment/-/catchment-2.0.1.tgz#df0a05ac2e1194cf280c2444d5bb564a9cc8f488"

catchment@^1.0.0:
  version "1.0.0"
  resolved "https://registry.yarnpkg.com/catchment/-/catchment-1.0.0.tgz#3061f71be0102710be84328d2f94363a165f8c4b"

clean-stack@1.3.0:
  version "1.3.0"
  resolved "https://registry.yarnpkg.com/clean-stack/-/clean-stack-1.3.0.tgz#9e821501ae979986c46b1d66d2d432db2fd4ae31"

cli-color@~0.1.6:
  version "0.1.7"
  resolved "https://registry.yarnpkg.com/cli-color/-/cli-color-0.1.7.tgz#adc3200fa471cc211b0da7f566b71e98b9d67347"
  dependencies:
    es5-ext "0.8.x"

difflib@~0.2.1:
  version "0.2.4"
  resolved "https://registry.yarnpkg.com/difflib/-/difflib-0.2.4.tgz#b5e30361a6db023176d562892db85940a718f47e"
  dependencies:
    heap ">= 0.2.0"

dreamopt@~0.6.0:
  version "0.6.0"
  resolved "https://registry.yarnpkg.com/dreamopt/-/dreamopt-0.6.0.tgz#d813ccdac8d39d8ad526775514a13dda664d6b4b"
  dependencies:
    wordwrap ">=0.0.2"

es5-ext@0.8.x:
  version "0.8.2"
  resolved "https://registry.yarnpkg.com/es5-ext/-/es5-ext-0.8.2.tgz#aba8d9e1943a895ac96837a62a39b3f55ecd94ab"

"heap@>= 0.2.0":
  version "0.2.6"
  resolved "https://registry.yarnpkg.com/heap/-/heap-0.2.6.tgz#087e1f10b046932fc8594dd9e6d378afc9d1e5ac"

json-diff@0.5.2:
  version "0.5.2"
  resolved "https://registry.yarnpkg.com/json-diff/-/json-diff-0.5.2.tgz#e0bc9e434cd2c4c6354487835e01bf3fed335cda"
  dependencies:
    cli-color "~0.1.6"
    difflib "~0.2.1"
    dreamopt "~0.6.0"

promto@1.0.1:
  version "1.0.1"
  resolved "https://registry.yarnpkg.com/promto/-/promto-1.0.1.tgz#0a169fc7bd8f48cef1ee9faeace61a100305a536"

spawncommand@1.1.0:
  version "1.1.0"
  resolved "https://registry.yarnpkg.com/spawncommand/-/spawncommand-1.1.0.tgz#80a56ed3c06ab3b91643cf3f6cef38bf582fdb15"
  dependencies:
    catchment "^1.0.0"

wordwrap@>=0.0.2:
  version "1.0.0"
  resolved "https://registry.yarnpkg.com/wordwrap/-/wordwrap-1.0.0.tgz#27584810891456a4171c8d0226441ade90cbcaeb"

zoroaster@1.1.0:
  version "1.1.0"
  resolved "https://registry.yarnpkg.com/zoroaster/-/zoroaster-1.1.0.tgz#8ca786d608496efeec58d133e606d572a584d73d"
  dependencies:
    assert-diff "1.2.5"
    assert-throws "1.3.1"
    catchment "2.0.1"
    clean-stack "1.3.0"
    promto "1.0.1"
    spawncommand "1.1.0"
